// !$*UTF8*$!
{
	archiveVersion = 1;
	classes = {
	};
	objectVersion = 46;
	objects = {

/* Begin PBXBuildFile section */
		1725672C1F826D2A00461323 /* SelectAppViewController.swift in Sources */ = {isa = PBXBuildFile; fileRef = 1725672B1F826D2A00461323 /* SelectAppViewController.swift */; };
		4918DC921F7BC9BE00D300A8 /* UIFont+Custom.swift in Sources */ = {isa = PBXBuildFile; fileRef = 4918DC911F7BC9BE00D300A8 /* UIFont+Custom.swift */; };
		4918DC951F7BCEE100D300A8 /* AppCollectionViewCell.swift in Sources */ = {isa = PBXBuildFile; fileRef = 4918DC941F7BCEE100D300A8 /* AppCollectionViewCell.swift */; };
		4918DC981F7BCFFD00D300A8 /* App.swift in Sources */ = {isa = PBXBuildFile; fileRef = 4918DC971F7BCFFD00D300A8 /* App.swift */; };
		4918DC9D1F7BDD3300D300A8 /* MPCManager.swift in Sources */ = {isa = PBXBuildFile; fileRef = 4918DC9C1F7BDD3300D300A8 /* MPCManager.swift */; };
		4918DCA01F7BF0DF00D300A8 /* AppListManager.swift in Sources */ = {isa = PBXBuildFile; fileRef = 4918DC9F1F7BF0DF00D300A8 /* AppListManager.swift */; };
		494A80F21F7A8DC300078EC2 /* AppDelegate.swift in Sources */ = {isa = PBXBuildFile; fileRef = 494A80F11F7A8DC300078EC2 /* AppDelegate.swift */; };
		494A80F41F7A8DC300078EC2 /* ViewController.swift in Sources */ = {isa = PBXBuildFile; fileRef = 494A80F31F7A8DC300078EC2 /* ViewController.swift */; };
		494A80F71F7A8DC300078EC2 /* Main.storyboard in Resources */ = {isa = PBXBuildFile; fileRef = 494A80F51F7A8DC300078EC2 /* Main.storyboard */; };
		494A80F91F7A8DC300078EC2 /* Assets.xcassets in Resources */ = {isa = PBXBuildFile; fileRef = 494A80F81F7A8DC300078EC2 /* Assets.xcassets */; };
		494A80FC1F7A8DC300078EC2 /* LaunchScreen.storyboard in Resources */ = {isa = PBXBuildFile; fileRef = 494A80FA1F7A8DC300078EC2 /* LaunchScreen.storyboard */; };
		494A81171F7A91E500078EC2 /* VSDetailNavigationController.swift in Sources */ = {isa = PBXBuildFile; fileRef = 494A81121F7A91E500078EC2 /* VSDetailNavigationController.swift */; };
		494A81181F7A91E500078EC2 /* VSMasterNavigationController.swift in Sources */ = {isa = PBXBuildFile; fileRef = 494A81131F7A91E500078EC2 /* VSMasterNavigationController.swift */; };
		494A81191F7A91E500078EC2 /* VSSplitViewController.swift in Sources */ = {isa = PBXBuildFile; fileRef = 494A81151F7A91E500078EC2 /* VSSplitViewController.swift */; };
		494A811E1F7A921500078EC2 /* VSBottomBar.swift in Sources */ = {isa = PBXBuildFile; fileRef = 494A811D1F7A921500078EC2 /* VSBottomBar.swift */; };
		494A81201F7A963600078EC2 /* AppListViewController.swift in Sources */ = {isa = PBXBuildFile; fileRef = 494A811F1F7A963600078EC2 /* AppListViewController.swift */; };
		494A81231F7A984E00078EC2 /* VSNavigationBar.swift in Sources */ = {isa = PBXBuildFile; fileRef = 494A81221F7A984E00078EC2 /* VSNavigationBar.swift */; };
		4957140A1F7A9D510091F31A /* UIColor+Hex.swift in Sources */ = {isa = PBXBuildFile; fileRef = 495714091F7A9D510091F31A /* UIColor+Hex.swift */; };
/* End PBXBuildFile section */

/* Begin PBXFileReference section */
		1725672B1F826D2A00461323 /* SelectAppViewController.swift */ = {isa = PBXFileReference; lastKnownFileType = sourcecode.swift; path = SelectAppViewController.swift; sourceTree = "<group>"; };
		4918DC911F7BC9BE00D300A8 /* UIFont+Custom.swift */ = {isa = PBXFileReference; fileEncoding = 4; lastKnownFileType = sourcecode.swift; path = "UIFont+Custom.swift"; sourceTree = "<group>"; };
		4918DC941F7BCEE100D300A8 /* AppCollectionViewCell.swift */ = {isa = PBXFileReference; fileEncoding = 4; lastKnownFileType = sourcecode.swift; path = AppCollectionViewCell.swift; sourceTree = "<group>"; };
		4918DC971F7BCFFD00D300A8 /* App.swift */ = {isa = PBXFileReference; fileEncoding = 4; lastKnownFileType = sourcecode.swift; path = App.swift; sourceTree = "<group>"; };
		4918DC9C1F7BDD3300D300A8 /* MPCManager.swift */ = {isa = PBXFileReference; fileEncoding = 4; lastKnownFileType = sourcecode.swift; path = MPCManager.swift; sourceTree = "<group>"; };
		4918DC9F1F7BF0DF00D300A8 /* AppListManager.swift */ = {isa = PBXFileReference; fileEncoding = 4; lastKnownFileType = sourcecode.swift; path = AppListManager.swift; sourceTree = "<group>"; };
		494A80EE1F7A8DC300078EC2 /* Insignia.app */ = {isa = PBXFileReference; explicitFileType = wrapper.application; includeInIndex = 0; path = Insignia.app; sourceTree = BUILT_PRODUCTS_DIR; };
		494A80F11F7A8DC300078EC2 /* AppDelegate.swift */ = {isa = PBXFileReference; lastKnownFileType = sourcecode.swift; path = AppDelegate.swift; sourceTree = "<group>"; };
		494A80F31F7A8DC300078EC2 /* ViewController.swift */ = {isa = PBXFileReference; lastKnownFileType = sourcecode.swift; path = ViewController.swift; sourceTree = "<group>"; };
		494A80F61F7A8DC300078EC2 /* Base */ = {isa = PBXFileReference; lastKnownFileType = file.storyboard; name = Base; path = Base.lproj/Main.storyboard; sourceTree = "<group>"; };
		494A80F81F7A8DC300078EC2 /* Assets.xcassets */ = {isa = PBXFileReference; lastKnownFileType = folder.assetcatalog; path = Assets.xcassets; sourceTree = "<group>"; };
		494A80FB1F7A8DC300078EC2 /* Base */ = {isa = PBXFileReference; lastKnownFileType = file.storyboard; name = Base; path = Base.lproj/LaunchScreen.storyboard; sourceTree = "<group>"; };
		494A80FD1F7A8DC300078EC2 /* Info.plist */ = {isa = PBXFileReference; lastKnownFileType = text.plist.xml; path = Info.plist; sourceTree = "<group>"; };
		494A81121F7A91E500078EC2 /* VSDetailNavigationController.swift */ = {isa = PBXFileReference; fileEncoding = 4; lastKnownFileType = sourcecode.swift; path = VSDetailNavigationController.swift; sourceTree = "<group>"; };
		494A81131F7A91E500078EC2 /* VSMasterNavigationController.swift */ = {isa = PBXFileReference; fileEncoding = 4; lastKnownFileType = sourcecode.swift; path = VSMasterNavigationController.swift; sourceTree = "<group>"; };
		494A81151F7A91E500078EC2 /* VSSplitViewController.swift */ = {isa = PBXFileReference; fileEncoding = 4; lastKnownFileType = sourcecode.swift; path = VSSplitViewController.swift; sourceTree = "<group>"; };
		494A811D1F7A921500078EC2 /* VSBottomBar.swift */ = {isa = PBXFileReference; fileEncoding = 4; lastKnownFileType = sourcecode.swift; path = VSBottomBar.swift; sourceTree = "<group>"; };
		494A811F1F7A963600078EC2 /* AppListViewController.swift */ = {isa = PBXFileReference; fileEncoding = 4; lastKnownFileType = sourcecode.swift; path = AppListViewController.swift; sourceTree = "<group>"; };
		494A81221F7A984E00078EC2 /* VSNavigationBar.swift */ = {isa = PBXFileReference; fileEncoding = 4; lastKnownFileType = sourcecode.swift; path = VSNavigationBar.swift; sourceTree = "<group>"; };
		495714091F7A9D510091F31A /* UIColor+Hex.swift */ = {isa = PBXFileReference; fileEncoding = 4; lastKnownFileType = sourcecode.swift; path = "UIColor+Hex.swift"; sourceTree = "<group>"; };
/* End PBXFileReference section */

/* Begin PBXFrameworksBuildPhase section */
		494A80EB1F7A8DC300078EC2 /* Frameworks */ = {
			isa = PBXFrameworksBuildPhase;
			buildActionMask = 2147483647;
			files = (
			);
			runOnlyForDeploymentPostprocessing = 0;
		};
/* End PBXFrameworksBuildPhase section */

/* Begin PBXGroup section */
		4918DC931F7BCEC400D300A8 /* CollectionViewCell */ = {
			isa = PBXGroup;
			children = (
				4918DC941F7BCEE100D300A8 /* AppCollectionViewCell.swift */,
			);
			path = CollectionViewCell;
			sourceTree = "<group>";
		};
		4918DC961F7BCFF000D300A8 /* Modal */ = {
			isa = PBXGroup;
			children = (
				4918DC971F7BCFFD00D300A8 /* App.swift */,
			);
			path = Modal;
			sourceTree = "<group>";
		};
		4918DC991F7BD51C00D300A8 /* Utilities */ = {
			isa = PBXGroup;
			children = (
				4918DC9C1F7BDD3300D300A8 /* MPCManager.swift */,
			);
			path = Utilities;
			sourceTree = "<group>";
		};
		4918DC9E1F7BF0CE00D300A8 /* Controller */ = {
			isa = PBXGroup;
			children = (
				4918DC9F1F7BF0DF00D300A8 /* AppListManager.swift */,
			);
			path = Controller;
			sourceTree = "<group>";
		};
		494A80E51F7A8DC300078EC2 = {
			isa = PBXGroup;
			children = (
				494A80F01F7A8DC300078EC2 /* Insignia */,
				494A80EF1F7A8DC300078EC2 /* Products */,
			);
			sourceTree = "<group>";
		};
		494A80EF1F7A8DC300078EC2 /* Products */ = {
			isa = PBXGroup;
			children = (
				494A80EE1F7A8DC300078EC2 /* Insignia.app */,
			);
			name = Products;
			sourceTree = "<group>";
		};
		494A80F01F7A8DC300078EC2 /* Insignia */ = {
			isa = PBXGroup;
			children = (
				4918DC9E1F7BF0CE00D300A8 /* Controller */,
				4918DC991F7BD51C00D300A8 /* Utilities */,
				4918DC961F7BCFF000D300A8 /* Modal */,
				495714081F7A9CD60091F31A /* Category */,
				494A81101F7A91E500078EC2 /* UIElement */,
				494A80F11F7A8DC300078EC2 /* AppDelegate.swift */,
				494A80F31F7A8DC300078EC2 /* ViewController.swift */,
				494A80F51F7A8DC300078EC2 /* Main.storyboard */,
				494A80F81F7A8DC300078EC2 /* Assets.xcassets */,
				494A80FA1F7A8DC300078EC2 /* LaunchScreen.storyboard */,
				494A80FD1F7A8DC300078EC2 /* Info.plist */,
			);
			path = Insignia;
			sourceTree = "<group>";
		};
		494A81101F7A91E500078EC2 /* UIElement */ = {
			isa = PBXGroup;
			children = (
				4918DC931F7BCEC400D300A8 /* CollectionViewCell */,
				494A81211F7A984400078EC2 /* NavigationBar */,
				494A811C1F7A921500078EC2 /* View */,
				494A81111F7A91E500078EC2 /* NavigationController */,
				494A81141F7A91E500078EC2 /* SplitViewController */,
				494A81161F7A91E500078EC2 /* ViewController */,
			);
			path = UIElement;
			sourceTree = "<group>";
		};
		494A81111F7A91E500078EC2 /* NavigationController */ = {
			isa = PBXGroup;
			children = (
				494A81121F7A91E500078EC2 /* VSDetailNavigationController.swift */,
				494A81131F7A91E500078EC2 /* VSMasterNavigationController.swift */,
			);
			path = NavigationController;
			sourceTree = "<group>";
		};
		494A81141F7A91E500078EC2 /* SplitViewController */ = {
			isa = PBXGroup;
			children = (
				494A81151F7A91E500078EC2 /* VSSplitViewController.swift */,
			);
			path = SplitViewController;
			sourceTree = "<group>";
		};
		494A81161F7A91E500078EC2 /* ViewController */ = {
			isa = PBXGroup;
			children = (
				494A811F1F7A963600078EC2 /* AppListViewController.swift */,
				1725672B1F826D2A00461323 /* SelectAppViewController.swift */,
			);
			path = ViewController;
			sourceTree = "<group>";
		};
		494A811C1F7A921500078EC2 /* View */ = {
			isa = PBXGroup;
			children = (
				494A811D1F7A921500078EC2 /* VSBottomBar.swift */,
			);
			path = View;
			sourceTree = "<group>";
		};
		494A81211F7A984400078EC2 /* NavigationBar */ = {
			isa = PBXGroup;
			children = (
				494A81221F7A984E00078EC2 /* VSNavigationBar.swift */,
			);
			path = NavigationBar;
			sourceTree = "<group>";
		};
		495714081F7A9CD60091F31A /* Category */ = {
			isa = PBXGroup;
			children = (
				495714091F7A9D510091F31A /* UIColor+Hex.swift */,
				4918DC911F7BC9BE00D300A8 /* UIFont+Custom.swift */,
			);
			path = Category;
			sourceTree = "<group>";
		};
/* End PBXGroup section */

/* Begin PBXNativeTarget section */
		494A80ED1F7A8DC300078EC2 /* Insignia */ = {
			isa = PBXNativeTarget;
			buildConfigurationList = 494A81001F7A8DC300078EC2 /* Build configuration list for PBXNativeTarget "Insignia" */;
			buildPhases = (
				494A80EA1F7A8DC300078EC2 /* Sources */,
				494A80EB1F7A8DC300078EC2 /* Frameworks */,
				494A80EC1F7A8DC300078EC2 /* Resources */,
			);
			buildRules = (
			);
			dependencies = (
			);
			name = Insignia;
			productName = Insignia;
			productReference = 494A80EE1F7A8DC300078EC2 /* Insignia.app */;
			productType = "com.apple.product-type.application";
		};
/* End PBXNativeTarget section */

/* Begin PBXProject section */
		494A80E61F7A8DC300078EC2 /* Project object */ = {
			isa = PBXProject;
			attributes = {
				LastSwiftUpdateCheck = 0830;
				LastUpgradeCheck = 0830;
				ORGANIZATIONNAME = "BBI-M USER1033";
				TargetAttributes = {
					494A80ED1F7A8DC300078EC2 = {
						CreatedOnToolsVersion = 8.3.2;
						DevelopmentTeam = 8CD4S7H2U8;
						ProvisioningStyle = Automatic;
					};
				};
			};
			buildConfigurationList = 494A80E91F7A8DC300078EC2 /* Build configuration list for PBXProject "Insignia" */;
			compatibilityVersion = "Xcode 3.2";
			developmentRegion = English;
			hasScannedForEncodings = 0;
			knownRegions = (
				en,
				Base,
			);
			mainGroup = 494A80E51F7A8DC300078EC2;
			productRefGroup = 494A80EF1F7A8DC300078EC2 /* Products */;
			projectDirPath = "";
			projectRoot = "";
			targets = (
				494A80ED1F7A8DC300078EC2 /* Insignia */,
			);
		};
/* End PBXProject section */

/* Begin PBXResourcesBuildPhase section */
		494A80EC1F7A8DC300078EC2 /* Resources */ = {
			isa = PBXResourcesBuildPhase;
			buildActionMask = 2147483647;
			files = (
				494A80FC1F7A8DC300078EC2 /* LaunchScreen.storyboard in Resources */,
				494A80F91F7A8DC300078EC2 /* Assets.xcassets in Resources */,
				494A80F71F7A8DC300078EC2 /* Main.storyboard in Resources */,
			);
			runOnlyForDeploymentPostprocessing = 0;
		};
/* End PBXResourcesBuildPhase section */

/* Begin PBXSourcesBuildPhase section */
		494A80EA1F7A8DC300078EC2 /* Sources */ = {
			isa = PBXSourcesBuildPhase;
			buildActionMask = 2147483647;
			files = (
				494A80F41F7A8DC300078EC2 /* ViewController.swift in Sources */,
				494A81171F7A91E500078EC2 /* VSDetailNavigationController.swift in Sources */,
				494A81181F7A91E500078EC2 /* VSMasterNavigationController.swift in Sources */,
				4918DCA01F7BF0DF00D300A8 /* AppListManager.swift in Sources */,
				4918DC921F7BC9BE00D300A8 /* UIFont+Custom.swift in Sources */,
				4957140A1F7A9D510091F31A /* UIColor+Hex.swift in Sources */,
				4918DC9D1F7BDD3300D300A8 /* MPCManager.swift in Sources */,
				494A80F21F7A8DC300078EC2 /* AppDelegate.swift in Sources */,
				494A81191F7A91E500078EC2 /* VSSplitViewController.swift in Sources */,
				494A81201F7A963600078EC2 /* AppListViewController.swift in Sources */,
				494A81231F7A984E00078EC2 /* VSNavigationBar.swift in Sources */,
				1725672C1F826D2A00461323 /* SelectAppViewController.swift in Sources */,
				4918DC981F7BCFFD00D300A8 /* App.swift in Sources */,
				494A811E1F7A921500078EC2 /* VSBottomBar.swift in Sources */,
				4918DC951F7BCEE100D300A8 /* AppCollectionViewCell.swift in Sources */,
			);
			runOnlyForDeploymentPostprocessing = 0;
		};
/* End PBXSourcesBuildPhase section */

/* Begin PBXVariantGroup section */
		494A80F51F7A8DC300078EC2 /* Main.storyboard */ = {
			isa = PBXVariantGroup;
			children = (
				494A80F61F7A8DC300078EC2 /* Base */,
			);
			name = Main.storyboard;
			sourceTree = "<group>";
		};
		494A80FA1F7A8DC300078EC2 /* LaunchScreen.storyboard */ = {
			isa = PBXVariantGroup;
			children = (
				494A80FB1F7A8DC300078EC2 /* Base */,
			);
			name = LaunchScreen.storyboard;
			sourceTree = "<group>";
		};
/* End PBXVariantGroup section */

/* Begin XCBuildConfiguration section */
		494A80FE1F7A8DC300078EC2 /* Debug */ = {
			isa = XCBuildConfiguration;
			buildSettings = {
				ALWAYS_SEARCH_USER_PATHS = NO;
				CLANG_ANALYZER_NONNULL = YES;
				CLANG_ANALYZER_NUMBER_OBJECT_CONVERSION = YES_AGGRESSIVE;
				CLANG_CXX_LANGUAGE_STANDARD = "gnu++0x";
				CLANG_CXX_LIBRARY = "libc++";
				CLANG_ENABLE_MODULES = YES;
				CLANG_ENABLE_OBJC_ARC = YES;
				CLANG_WARN_BOOL_CONVERSION = YES;
				CLANG_WARN_CONSTANT_CONVERSION = YES;
				CLANG_WARN_DIRECT_OBJC_ISA_USAGE = YES_ERROR;
				CLANG_WARN_DOCUMENTATION_COMMENTS = YES;
				CLANG_WARN_EMPTY_BODY = YES;
				CLANG_WARN_ENUM_CONVERSION = YES;
				CLANG_WARN_INFINITE_RECURSION = YES;
				CLANG_WARN_INT_CONVERSION = YES;
				CLANG_WARN_OBJC_ROOT_CLASS = YES_ERROR;
				CLANG_WARN_SUSPICIOUS_MOVE = YES;
				CLANG_WARN_UNREACHABLE_CODE = YES;
				CLANG_WARN__DUPLICATE_METHOD_MATCH = YES;
				"CODE_SIGN_IDENTITY[sdk=iphoneos*]" = "iPhone Developer";
				COPY_PHASE_STRIP = NO;
				DEBUG_INFORMATION_FORMAT = dwarf;
				ENABLE_STRICT_OBJC_MSGSEND = YES;
				ENABLE_TESTABILITY = YES;
				GCC_C_LANGUAGE_STANDARD = gnu99;
				GCC_DYNAMIC_NO_PIC = NO;
				GCC_NO_COMMON_BLOCKS = YES;
				GCC_OPTIMIZATION_LEVEL = 0;
				GCC_PREPROCESSOR_DEFINITIONS = (
					"DEBUG=1",
					"$(inherited)",
				);
				GCC_WARN_64_TO_32_BIT_CONVERSION = YES;
				GCC_WARN_ABOUT_RETURN_TYPE = YES_ERROR;
				GCC_WARN_UNDECLARED_SELECTOR = YES;
				GCC_WARN_UNINITIALIZED_AUTOS = YES_AGGRESSIVE;
				GCC_WARN_UNUSED_FUNCTION = YES;
				GCC_WARN_UNUSED_VARIABLE = YES;
				IPHONEOS_DEPLOYMENT_TARGET = 10.3;
				MTL_ENABLE_DEBUG_INFO = YES;
				ONLY_ACTIVE_ARCH = YES;
				SDKROOT = iphoneos;
				SWIFT_ACTIVE_COMPILATION_CONDITIONS = DEBUG;
				SWIFT_OPTIMIZATION_LEVEL = "-Onone";
				TARGETED_DEVICE_FAMILY = "1,2";
			};
			name = Debug;
		};
		494A80FF1F7A8DC300078EC2 /* Release */ = {
			isa = XCBuildConfiguration;
			buildSettings = {
				ALWAYS_SEARCH_USER_PATHS = NO;
				CLANG_ANALYZER_NONNULL = YES;
				CLANG_ANALYZER_NUMBER_OBJECT_CONVERSION = YES_AGGRESSIVE;
				CLANG_CXX_LANGUAGE_STANDARD = "gnu++0x";
				CLANG_CXX_LIBRARY = "libc++";
				CLANG_ENABLE_MODULES = YES;
				CLANG_ENABLE_OBJC_ARC = YES;
				CLANG_WARN_BOOL_CONVERSION = YES;
				CLANG_WARN_CONSTANT_CONVERSION = YES;
				CLANG_WARN_DIRECT_OBJC_ISA_USAGE = YES_ERROR;
				CLANG_WARN_DOCUMENTATION_COMMENTS = YES;
				CLANG_WARN_EMPTY_BODY = YES;
				CLANG_WARN_ENUM_CONVERSION = YES;
				CLANG_WARN_INFINITE_RECURSION = YES;
				CLANG_WARN_INT_CONVERSION = YES;
				CLANG_WARN_OBJC_ROOT_CLASS = YES_ERROR;
				CLANG_WARN_SUSPICIOUS_MOVE = YES;
				CLANG_WARN_UNREACHABLE_CODE = YES;
				CLANG_WARN__DUPLICATE_METHOD_MATCH = YES;
				"CODE_SIGN_IDENTITY[sdk=iphoneos*]" = "iPhone Developer";
				COPY_PHASE_STRIP = NO;
				DEBUG_INFORMATION_FORMAT = "dwarf-with-dsym";
				ENABLE_NS_ASSERTIONS = NO;
				ENABLE_STRICT_OBJC_MSGSEND = YES;
				GCC_C_LANGUAGE_STANDARD = gnu99;
				GCC_NO_COMMON_BLOCKS = YES;
				GCC_WARN_64_TO_32_BIT_CONVERSION = YES;
				GCC_WARN_ABOUT_RETURN_TYPE = YES_ERROR;
				GCC_WARN_UNDECLARED_SELECTOR = YES;
				GCC_WARN_UNINITIALIZED_AUTOS = YES_AGGRESSIVE;
				GCC_WARN_UNUSED_FUNCTION = YES;
				GCC_WARN_UNUSED_VARIABLE = YES;
				IPHONEOS_DEPLOYMENT_TARGET = 10.3;
				MTL_ENABLE_DEBUG_INFO = NO;
				SDKROOT = iphoneos;
				SWIFT_OPTIMIZATION_LEVEL = "-Owholemodule";
				TARGETED_DEVICE_FAMILY = "1,2";
				VALIDATE_PRODUCT = YES;
			};
			name = Release;
		};
		494A81011F7A8DC300078EC2 /* Debug */ = {
			isa = XCBuildConfiguration;
			buildSettings = {
				ASSETCATALOG_COMPILER_APPICON_NAME = AppIcon;
				DEVELOPMENT_TEAM = 8CD4S7H2U8;
				INFOPLIST_FILE = Insignia/Info.plist;
				IPHONEOS_DEPLOYMENT_TARGET = 9.0;
				LD_RUNPATH_SEARCH_PATHS = "$(inherited) @executable_path/Frameworks";
				PRODUCT_BUNDLE_IDENTIFIER = com.media4u.InsigniaVin;
				PRODUCT_NAME = "$(TARGET_NAME)";
				SWIFT_VERSION = 3.0;
			};
			name = Debug;
		};
		494A81021F7A8DC300078EC2 /* Release */ = {
			isa = XCBuildConfiguration;
			buildSettings = {
				ASSETCATALOG_COMPILER_APPICON_NAME = AppIcon;
				DEVELOPMENT_TEAM = 8CD4S7H2U8;
				INFOPLIST_FILE = Insignia/Info.plist;
				IPHONEOS_DEPLOYMENT_TARGET = 9.0;
				LD_RUNPATH_SEARCH_PATHS = "$(inherited) @executable_path/Frameworks";
				PRODUCT_BUNDLE_IDENTIFIER = com.media4u.InsigniaVin;
				PRODUCT_NAME = "$(TARGET_NAME)";
				SWIFT_VERSION = 3.0;
			};
			name = Release;
		};
/* End XCBuildConfiguration section */

/* Begin XCConfigurationList section */
		494A80E91F7A8DC300078EC2 /* Build configuration list for PBXProject "Insignia" */ = {
			isa = XCConfigurationList;
			buildConfigurations = (
				494A80FE1F7A8DC300078EC2 /* Debug */,
				494A80FF1F7A8DC300078EC2 /* Release */,
			);
			defaultConfigurationIsVisible = 0;
			defaultConfigurationName = Release;
		};
		494A81001F7A8DC300078EC2 /* Build configuration list for PBXNativeTarget "Insignia" */ = {
			isa = XCConfigurationList;
			buildConfigurations = (
				494A81011F7A8DC300078EC2 /* Debug */,
				494A81021F7A8DC300078EC2 /* Release */,
			);
			defaultConfigurationIsVisible = 0;
			defaultConfigurationName = Release;
		};
/* End XCConfigurationList section */
	};
	rootObject = 494A80E61F7A8DC300078EC2 /* Project object */;
}
